Microsoft Visual Studio Solution File, Format Version 12.00
# Visual Studio Version 17
VisualStudioVersion = 17.5.2.0
MinimumVisualStudioVersion = 10.0.40219.1
Project("{2150E333-8FDC-42A3-9474-1A3956D46DE8}") = "POO", "POO", "{AF85882C-FF1C-6406-4457-EB3E9E1478ED}"
EndProject
Project("{FAE04EC0-301F-11D3-BF4B-00C04F79EFBC}") = "UEC", "POO\UEC\UEC.csproj", "{B053E6B6-4BDA-E547-9535-DA8F6D449451}"
EndProject
Global
	GlobalSection(SolutionConfigurationPlatforms) = preSolution
		Debug|Any CPU = Debug|Any CPU
		Release|Any CPU = Release|Any CPU
	EndGlobalSection
	GlobalSection(ProjectConfigurationPlatforms) = postSolution
		{B053E6B6-4BDA-E547-9535-DA8F6D449451}.Debug|Any CPU.ActiveCfg = Debug|Any CPU
		{B053E6B6-4BDA-E547-9535-DA8F6D449451}.Debug|Any CPU.Build.0 = Debug|Any CPU
		{B053E6B6-4BDA-E547-9535-DA8F6D449451}.Release|Any CPU.ActiveCfg = Release|Any CPU
		{B053E6B6-4BDA-E547-9535-DA8F6D449451}.Release|Any CPU.Build.0 = Release|Any CPU
	EndGlobalSection
	GlobalSection(SolutionProperties) = preSolution
		HideSolutionNode = FALSE
	EndGlobalSection
	GlobalSection(NestedProjects) = preSolution
		{B053E6B6-4BDA-E547-9535-DA8F6D449451} = {AF85882C-FF1C-6406-4457-EB3E9E1478ED}
	EndGlobalSection
	GlobalSection(ExtensibilityGlobals) = postSolution
		SolutionGuid = {B0C8C2BE-D2A0-4DDC-ADA0-5B83BBDAF87B}
	EndGlobalSection
EndGlobal
